
Microsoft Visual Studio Solution File, Format Version 12.00
# Visual Studio Version 17
VisualStudioVersion = 17.3.32901.215
MinimumVisualStudioVersion = 10.0.40219.1
Project("{FAE04EC0-301F-11D3-BF4B-00C04F79EFBC}") = "Task2", "Task2\Task2.csproj", "{B6DFD52C-BB93-4C3F-A4E9-6D9E82DA5C2B}"
EndProject
Global
	GlobalSection(SolutionConfigurationPlatforms) = preSolution
		Debug|Any CPU = Debug|Any CPU
		Release|Any CPU = Release|Any CPU
	EndGlobalSection
	GlobalSection(ProjectConfigurationPlatforms) = postSolution
		{B6DFD52C-BB93-4C3F-A4E9-6D9E82DA5C2B}.Debug|Any CPU.ActiveCfg = Debug|Any CPU
		{B6DFD52C-BB93-4C3F-A4E9-6D9E82DA5C2B}.Debug|Any CPU.Build.0 = Debug|Any CPU
		{B6DFD52C-BB93-4C3F-A4E9-6D9E82DA5C2B}.Release|Any CPU.ActiveCfg = Release|Any CPU
		{B6DFD52C-BB93-4C3F-A4E9-6D9E82DA5C2B}.Release|Any CPU.Build.0 = Release|Any CPU
	EndGlobalSection
	GlobalSection(SolutionProperties) = preSolution
		HideSolutionNode = FALSE
	EndGlobalSection
	GlobalSection(ExtensibilityGlobals) = postSolution
		SolutionGuid = {E69872A0-B6D0-4AD0-B8DC-CAADD79F84DC}
	EndGlobalSection
EndGlobal
